// !$*UTF8*$!
{
	archiveVersion = 1;
	classes = {
	};
	objectVersion = 46;
	objects = {

/* Begin PBXBuildFile section */
		CEA7AEB32064A3C400566D63 /* AppDelegate.swift in Sources */ = {isa = PBXBuildFile; fileRef = CEA7AEB22064A3C400566D63 /* AppDelegate.swift */; };
		CEA7AEB52064A3C400566D63 /* ViewController.swift in Sources */ = {isa = PBXBuildFile; fileRef = CEA7AEB42064A3C400566D63 /* ViewController.swift */; };
		CEA7AEB82064A3C400566D63 /* Main.storyboard in Resources */ = {isa = PBXBuildFile; fileRef = CEA7AEB62064A3C400566D63 /* Main.storyboard */; };
		CEA7AEBB2064A3C400566D63 /* ColeccionDeDatos.xcdatamodeld in Sources */ = {isa = PBXBuildFile; fileRef = CEA7AEB92064A3C400566D63 /* ColeccionDeDatos.xcdatamodeld */; };
		CEA7AEBD2064A3C400566D63 /* Assets.xcassets in Resources */ = {isa = PBXBuildFile; fileRef = CEA7AEBC2064A3C400566D63 /* Assets.xcassets */; };
		CEA7AEC02064A3C400566D63 /* LaunchScreen.storyboard in Resources */ = {isa = PBXBuildFile; fileRef = CEA7AEBE2064A3C400566D63 /* LaunchScreen.storyboard */; };
/* End PBXBuildFile section */

/* Begin PBXFileReference section */
		CEA7AEAF2064A3C400566D63 /* ColeccionDeDatos.app */ = {isa = PBXFileReference; explicitFileType = wrapper.application; includeInIndex = 0; path = ColeccionDeDatos.app; sourceTree = BUILT_PRODUCTS_DIR; };
		CEA7AEB22064A3C400566D63 /* AppDelegate.swift */ = {isa = PBXFileReference; lastKnownFileType = sourcecode.swift; path = AppDelegate.swift; sourceTree = "<group>"; };
		CEA7AEB42064A3C400566D63 /* ViewController.swift */ = {isa = PBXFileReference; lastKnownFileType = sourcecode.swift; path = ViewController.swift; sourceTree = "<group>"; };
		CEA7AEB72064A3C400566D63 /* Base */ = {isa = PBXFileReference; lastKnownFileType = file.storyboard; name = Base; path = Base.lproj/Main.storyboard; sourceTree = "<group>"; };
		CEA7AEBA2064A3C400566D63 /* ColeccionDeDatos.xcdatamodel */ = {isa = PBXFileReference; lastKnownFileType = wrapper.xcdatamodel; path = ColeccionDeDatos.xcdatamodel; sourceTree = "<group>"; };
		CEA7AEBC2064A3C400566D63 /* Assets.xcassets */ = {isa = PBXFileReference; lastKnownFileType = folder.assetcatalog; path = Assets.xcassets; sourceTree = "<group>"; };
		CEA7AEBF2064A3C400566D63 /* Base */ = {isa = PBXFileReference; lastKnownFileType = file.storyboard; name = Base; path = Base.lproj/LaunchScreen.storyboard; sourceTree = "<group>"; };
		CEA7AEC12064A3C400566D63 /* Info.plist */ = {isa = PBXFileReference; lastKnownFileType = text.plist.xml; path = Info.plist; sourceTree = "<group>"; };
/* End PBXFileReference section */

/* Begin PBXFrameworksBuildPhase section */
		CEA7AEAC2064A3C400566D63 /* Frameworks */ = {
			isa = PBXFrameworksBuildPhase;
			buildActionMask = 2147483647;
			files = (
			);
			runOnlyForDeploymentPostprocessing = 0;
		};
/* End PBXFrameworksBuildPhase section */

/* Begin PBXGroup section */
		CEA7AEA62064A3C400566D63 = {
			isa = PBXGroup;
			children = (
				CEA7AEB12064A3C400566D63 /* ColeccionDeDatos */,
				CEA7AEB02064A3C400566D63 /* Products */,
			);
			sourceTree = "<group>";
		};
		CEA7AEB02064A3C400566D63 /* Products */ = {
			isa = PBXGroup;
			children = (
				CEA7AEAF2064A3C400566D63 /* ColeccionDeDatos.app */,
			);
			name = Products;
			sourceTree = "<group>";
		};
		CEA7AEB12064A3C400566D63 /* ColeccionDeDatos */ = {
			isa = PBXGroup;
			children = (
				CEA7AEB22064A3C400566D63 /* AppDelegate.swift */,
				CEA7AEB42064A3C400566D63 /* ViewController.swift */,
				CEA7AEB62064A3C400566D63 /* Main.storyboard */,
				CEA7AEBC2064A3C400566D63 /* Assets.xcassets */,
				CEA7AEBE2064A3C400566D63 /* LaunchScreen.storyboard */,
				CEA7AEC12064A3C400566D63 /* Info.plist */,
				CEA7AEB92064A3C400566D63 /* ColeccionDeDatos.xcdatamodeld */,
			);
			path = ColeccionDeDatos;
			sourceTree = "<group>";
		};
/* End PBXGroup section */

/* Begin PBXNativeTarget section */
		CEA7AEAE2064A3C400566D63 /* ColeccionDeDatos */ = {
			isa = PBXNativeTarget;
			buildConfigurationList = CEA7AEC42064A3C400566D63 /* Build configuration list for PBXNativeTarget "ColeccionDeDatos" */;
			buildPhases = (
				CEA7AEAB2064A3C400566D63 /* Sources */,
				CEA7AEAC2064A3C400566D63 /* Frameworks */,
				CEA7AEAD2064A3C400566D63 /* Resources */,
			);
			buildRules = (
			);
			dependencies = (
			);
			name = ColeccionDeDatos;
			productName = ColeccionDeDatos;
			productReference = CEA7AEAF2064A3C400566D63 /* ColeccionDeDatos.app */;
			productType = "com.apple.product-type.application";
		};
/* End PBXNativeTarget section */

/* Begin PBXProject section */
		CEA7AEA72064A3C400566D63 /* Project object */ = {
			isa = PBXProject;
			attributes = {
				LastSwiftUpdateCheck = 0830;
				LastUpgradeCheck = 0830;
				ORGANIZATIONNAME = tecsup;
				TargetAttributes = {
					CEA7AEAE2064A3C400566D63 = {
						CreatedOnToolsVersion = 8.3.2;
						DevelopmentTeam = 63P7Y64Y89;
						ProvisioningStyle = Automatic;
					};
				};
			};
			buildConfigurationList = CEA7AEAA2064A3C400566D63 /* Build configuration list for PBXProject "ColeccionDeDatos" */;
			compatibilityVersion = "Xcode 3.2";
			developmentRegion = English;
			hasScannedForEncodings = 0;
			knownRegions = (
				en,
				Base,
			);
			mainGroup = CEA7AEA62064A3C400566D63;
			productRefGroup = CEA7AEB02064A3C400566D63 /* Products */;
			projectDirPath = "";
			projectRoot = "";
			targets = (
				CEA7AEAE2064A3C400566D63 /* ColeccionDeDatos */,
			);
		};
/* End PBXProject section */

/* Begin PBXResourcesBuildPhase section */
		CEA7AEAD2064A3C400566D63 /* Resources */ = {
			isa = PBXResourcesBuildPhase;
			buildActionMask = 2147483647;
			files = (
				CEA7AEC02064A3C400566D63 /* LaunchScreen.storyboard in Resources */,
				CEA7AEBD2064A3C400566D63 /* Assets.xcassets in Resources */,
				CEA7AEB82064A3C400566D63 /* Main.storyboard in Resources */,
			);
			runOnlyForDeploymentPostprocessing = 0;
		};
/* End PBXResourcesBuildPhase section */

/* Begin PBXSourcesBuildPhase section */
		CEA7AEAB2064A3C400566D63 /* Sources */ = {
			isa = PBXSourcesBuildPhase;
			buildActionMask = 2147483647;
			files = (
				CEA7AEB52064A3C400566D63 /* ViewController.swift in Sources */,
				CEA7AEBB2064A3C400566D63 /* ColeccionDeDatos.xcdatamodeld in Sources */,
				CEA7AEB32064A3C400566D63 /* AppDelegate.swift in Sources */,
			);
			runOnlyForDeploymentPostprocessing = 0;
		};
/* End PBXSourcesBuildPhase section */

/* Begin PBXVariantGroup section */
		CEA7AEB62064A3C400566D63 /* Main.storyboard */ = {
			isa = PBXVariantGroup;
			children = (
				CEA7AEB72064A3C400566D63 /* Base */,
			);
			name = Main.storyboard;
			sourceTree = "<group>";
		};
		CEA7AEBE2064A3C400566D63 /* LaunchScreen.storyboard */ = {
			isa = PBXVariantGroup;
			children = (
				CEA7AEBF2064A3C400566D63 /* Base */,
			);
			name = LaunchScreen.storyboard;
			sourceTree = "<group>";
		};
/* End PBXVariantGroup section */

/* Begin XCBuildConfiguration section */
		CEA7AEC22064A3C400566D63 /* Debug */ = {
			isa = XCBuildConfiguration;
			buildSettings = {
				ALWAYS_SEARCH_USER_PATHS = NO;
				CLANG_ANALYZER_NONNULL = YES;
				CLANG_ANALYZER_NUMBER_OBJECT_CONVERSION = YES_AGGRESSIVE;
				CLANG_CXX_LANGUAGE_STANDARD = "gnu++0x";
				CLANG_CXX_LIBRARY = "libc++";
				CLANG_ENABLE_MODULES = YES;
				CLANG_ENABLE_OBJC_ARC = YES;
				CLANG_WARN_BOOL_CONVERSION = YES;
				CLANG_WARN_CONSTANT_CONVERSION = YES;
				CLANG_WARN_DIRECT_OBJC_ISA_USAGE = YES_ERROR;
				CLANG_WARN_DOCUMENTATION_COMMENTS = YES;
				CLANG_WARN_EMPTY_BODY = YES;
				CLANG_WARN_ENUM_CONVERSION = YES;
				CLANG_WARN_INFINITE_RECURSION = YES;
				CLANG_WARN_INT_CONVERSION = YES;
				CLANG_WARN_OBJC_ROOT_CLASS = YES_ERROR;
				CLANG_WARN_SUSPICIOUS_MOVE = YES;
				CLANG_WARN_UNREACHABLE_CODE = YES;
				CLANG_WARN__DUPLICATE_METHOD_MATCH = YES;
				"CODE_SIGN_IDENTITY[sdk=iphoneos*]" = "iPhone Developer";
				COPY_PHASE_STRIP = NO;
				DEBUG_INFORMATION_FORMAT = dwarf;
				ENABLE_STRICT_OBJC_MSGSEND = YES;
				ENABLE_TESTABILITY = YES;
				GCC_C_LANGUAGE_STANDARD = gnu99;
				GCC_DYNAMIC_NO_PIC = NO;
				GCC_NO_COMMON_BLOCKS = YES;
				GCC_OPTIMIZATION_LEVEL = 0;
				GCC_PREPROCESSOR_DEFINITIONS = (
					"DEBUG=1",
					"$(inherited)",
				);
				GCC_WARN_64_TO_32_BIT_CONVERSION = YES;
				GCC_WARN_ABOUT_RETURN_TYPE = YES_ERROR;
				GCC_WARN_UNDECLARED_SELECTOR = YES;
				GCC_WARN_UNINITIALIZED_AUTOS = YES_AGGRESSIVE;
				GCC_WARN_UNUSED_FUNCTION = YES;
				GCC_WARN_UNUSED_VARIABLE = YES;
				IPHONEOS_DEPLOYMENT_TARGET = 10.3;
				MTL_ENABLE_DEBUG_INFO = YES;
				ONLY_ACTIVE_ARCH = YES;
				SDKROOT = iphoneos;
				SWIFT_ACTIVE_COMPILATION_CONDITIONS = DEBUG;
				SWIFT_OPTIMIZATION_LEVEL = "-Onone";
				TARGETED_DEVICE_FAMILY = "1,2";
			};
			name = Debug;
		};
		CEA7AEC32064A3C400566D63 /* Release */ = {
			isa = XCBuildConfiguration;
			buildSettings = {
				ALWAYS_SEARCH_USER_PATHS = NO;
				CLANG_ANALYZER_NONNULL = YES;
				CLANG_ANALYZER_NUMBER_OBJECT_CONVERSION = YES_AGGRESSIVE;
				CLANG_CXX_LANGUAGE_STANDARD = "gnu++0x";
				CLANG_CXX_LIBRARY = "libc++";
				CLANG_ENABLE_MODULES = YES;
				CLANG_ENABLE_OBJC_ARC = YES;
				CLANG_WARN_BOOL_CONVERSION = YES;
				CLANG_WARN_CONSTANT_CONVERSION = YES;
				CLANG_WARN_DIRECT_OBJC_ISA_USAGE = YES_ERROR;
				CLANG_WARN_DOCUMENTATION_COMMENTS = YES;
				CLANG_WARN_EMPTY_BODY = YES;
				CLANG_WARN_ENUM_CONVERSION = YES;
				CLANG_WARN_INFINITE_RECURSION = YES;
				CLANG_WARN_INT_CONVERSION = YES;
				CLANG_WARN_OBJC_ROOT_CLASS = YES_ERROR;
				CLANG_WARN_SUSPICIOUS_MOVE = YES;
				CLANG_WARN_UNREACHABLE_CODE = YES;
				CLANG_WARN__DUPLICATE_METHOD_MATCH = YES;
				"CODE_SIGN_IDENTITY[sdk=iphoneos*]" = "iPhone Developer";
				COPY_PHASE_STRIP = NO;
				DEBUG_INFORMATION_FORMAT = "dwarf-with-dsym";
				ENABLE_NS_ASSERTIONS = NO;
				ENABLE_STRICT_OBJC_MSGSEND = YES;
				GCC_C_LANGUAGE_STANDARD = gnu99;
				GCC_NO_COMMON_BLOCKS = YES;
				GCC_WARN_64_TO_32_BIT_CONVERSION = YES;
				GCC_WARN_ABOUT_RETURN_TYPE = YES_ERROR;
				GCC_WARN_UNDECLARED_SELECTOR = YES;
				GCC_WARN_UNINITIALIZED_AUTOS = YES_AGGRESSIVE;
				GCC_WARN_UNUSED_FUNCTION = YES;
				GCC_WARN_UNUSED_VARIABLE = YES;
				IPHONEOS_DEPLOYMENT_TARGET = 10.3;
				MTL_ENABLE_DEBUG_INFO = NO;
				SDKROOT = iphoneos;
				SWIFT_OPTIMIZATION_LEVEL = "-Owholemodule";
				TARGETED_DEVICE_FAMILY = "1,2";
				VALIDATE_PRODUCT = YES;
			};
			name = Release;
		};
		CEA7AEC52064A3C400566D63 /* Debug */ = {
			isa = XCBuildConfiguration;
			buildSettings = {
				ASSETCATALOG_COMPILER_APPICON_NAME = AppIcon;
				DEVELOPMENT_TEAM = 63P7Y64Y89;
				INFOPLIST_FILE = ColeccionDeDatos/Info.plist;
				LD_RUNPATH_SEARCH_PATHS = "$(inherited) @executable_path/Frameworks";
				PRODUCT_BUNDLE_IDENTIFIER = com.tecsup.ColeccionDeDatos;
				PRODUCT_NAME = "$(TARGET_NAME)";
				SWIFT_VERSION = 3.0;
			};
			name = Debug;
		};
		CEA7AEC62064A3C400566D63 /* Release */ = {
			isa = XCBuildConfiguration;
			buildSettings = {
				ASSETCATALOG_COMPILER_APPICON_NAME = AppIcon;
				DEVELOPMENT_TEAM = 63P7Y64Y89;
				INFOPLIST_FILE = ColeccionDeDatos/Info.plist;
				LD_RUNPATH_SEARCH_PATHS = "$(inherited) @executable_path/Frameworks";
				PRODUCT_BUNDLE_IDENTIFIER = com.tecsup.ColeccionDeDatos;
				PRODUCT_NAME = "$(TARGET_NAME)";
				SWIFT_VERSION = 3.0;
			};
			name = Release;
		};
/* End XCBuildConfiguration section */

/* Begin XCConfigurationList section */
		CEA7AEAA2064A3C400566D63 /* Build configuration list for PBXProject "ColeccionDeDatos" */ = {
			isa = XCConfigurationList;
			buildConfigurations = (
				CEA7AEC22064A3C400566D63 /* Debug */,
				CEA7AEC32064A3C400566D63 /* Release */,
			);
			defaultConfigurationIsVisible = 0;
			defaultConfigurationName = Release;
		};
		CEA7AEC42064A3C400566D63 /* Build configuration list for PBXNativeTarget "ColeccionDeDatos" */ = {
			isa = XCConfigurationList;
			buildConfigurations = (
				CEA7AEC52064A3C400566D63 /* Debug */,
				CEA7AEC62064A3C400566D63 /* Release */,
			);
			defaultConfigurationIsVisible = 0;
		};
/* End XCConfigurationList section */

/* Begin XCVersionGroup section */
		CEA7AEB92064A3C400566D63 /* ColeccionDeDatos.xcdatamodeld */ = {
			isa = XCVersionGroup;
			children = (
				CEA7AEBA2064A3C400566D63 /* ColeccionDeDatos.xcdatamodel */,
			);
			currentVersion = CEA7AEBA2064A3C400566D63 /* ColeccionDeDatos.xcdatamodel */;
			path = ColeccionDeDatos.xcdatamodeld;
			sourceTree = "<group>";
			versionGroupType = wrapper.xcdatamodel;
		};
/* End XCVersionGroup section */
	};
	rootObject = CEA7AEA72064A3C400566D63 /* Project object */;
}
